PODS:
  - BarcodeScanner (4.1.3)
  - SwiftyJSON (4.1.0)

DEPENDENCIES:
  - BarcodeScanner
  - SwiftyJSON (~> 4.0)

SPEC REPOS:
  https://github.com/cocoapods/specs.git:
    - BarcodeScanner
    - SwiftyJSON

SPEC CHECKSUMS:
  BarcodeScanner: fce1ad2b3f28286b1ab5091fe0979789618bee27
  SwiftyJSON: c29297daf073d2aa016295d5809cdd68045c39b3

PODFILE CHECKSUM: 2422004024b8a82afa130976f63eaf25ebe8e8c4

COCOAPODS: 1.5.3
