// !$*UTF8*$!
{
	archiveVersion = 1;
	classes = {
	};
	objectVersion = 50;
	objects = {

/* Begin PBXBuildFile section */
		0C1F1F3821089F4900EB0915 /* Font.swift in Sources */ = {isa = PBXBuildFile; fileRef = 0C1F1F3721089F4900EB0915 /* Font.swift */; };
		0C1F1F432108C53900EB0915 /* RobotoCondensed-LightItalic.ttf in Resources */ = {isa = PBXBuildFile; fileRef = 0C1F1F422108C53900EB0915 /* RobotoCondensed-LightItalic.ttf */; };
		0C1F1F452108C64D00EB0915 /* Sabatica-regular.otf in Resources */ = {isa = PBXBuildFile; fileRef = 0C1F1F442108C64D00EB0915 /* Sabatica-regular.otf */; };
		0C1F1F472108C65F00EB0915 /* MACCOS_LIGHT_Demo.otf in Resources */ = {isa = PBXBuildFile; fileRef = 0C1F1F462108C65E00EB0915 /* MACCOS_LIGHT_Demo.otf */; };
		0C1F1F492108C66300EB0915 /* MACCOS_DOUBLE_Demo.otf in Resources */ = {isa = PBXBuildFile; fileRef = 0C1F1F482108C66300EB0915 /* MACCOS_DOUBLE_Demo.otf */; };
		0C1F1F4B2108CA7900EB0915 /* LabelExtension.swift in Sources */ = {isa = PBXBuildFile; fileRef = 0C1F1F4A2108CA7900EB0915 /* LabelExtension.swift */; };
		0C1F1F4E210B680300EB0915 /* SuggestionCollectionCell.swift in Sources */ = {isa = PBXBuildFile; fileRef = 0C1F1F4D210B680300EB0915 /* SuggestionCollectionCell.swift */; };
		0C1F1F50210B885200EB0915 /* PopModal.swift in Sources */ = {isa = PBXBuildFile; fileRef = 0C1F1F4F210B885200EB0915 /* PopModal.swift */; };
		0C2D842E210394F1005DB26D /* APIService.swift in Sources */ = {isa = PBXBuildFile; fileRef = 0C2D842D210394F1005DB26D /* APIService.swift */; };
		0CBD9C0B2105403D003C6CD2 /* DetailCollectionViewCell.swift in Sources */ = {isa = PBXBuildFile; fileRef = 0CBD9C0A2105403D003C6CD2 /* DetailCollectionViewCell.swift */; };
		0CBD9C0F2106000F003C6CD2 /* Color.swift in Sources */ = {isa = PBXBuildFile; fileRef = 0CBD9C0E2106000F003C6CD2 /* Color.swift */; };
		0CBD9C1121063BAB003C6CD2 /* SubDetailVC.swift in Sources */ = {isa = PBXBuildFile; fileRef = 0CBD9C1021063BAB003C6CD2 /* SubDetailVC.swift */; };
		9EA0E46535360A41BF8D90AC /* Pods_PriceApp.framework in Frameworks */ = {isa = PBXBuildFile; fileRef = 216360E3E021C640F2BDED60 /* Pods_PriceApp.framework */; };
		B617FF93209FB3630031656A /* LensCircleCell.swift in Sources */ = {isa = PBXBuildFile; fileRef = B617FF91209FB3620031656A /* LensCircleCell.swift */; };
		B617FF94209FB3630031656A /* LensFlowLayout.swift in Sources */ = {isa = PBXBuildFile; fileRef = B617FF92209FB3620031656A /* LensFlowLayout.swift */; };
		B64C912B209F32D100BB1DEC /* ScrollViewController.swift in Sources */ = {isa = PBXBuildFile; fileRef = B64C9126209F32D000BB1DEC /* ScrollViewController.swift */; };
		B64C912D209F32D100BB1DEC /* MainViewController.swift in Sources */ = {isa = PBXBuildFile; fileRef = B64C9128209F32D100BB1DEC /* MainViewController.swift */; };
		B64C912E209F32D100BB1DEC /* NavigationViewAnimation.swift in Sources */ = {isa = PBXBuildFile; fileRef = B64C9129209F32D100BB1DEC /* NavigationViewAnimation.swift */; };
		B64C912F209F32D100BB1DEC /* NavigationView.swift in Sources */ = {isa = PBXBuildFile; fileRef = B64C912A209F32D100BB1DEC /* NavigationView.swift */; };
		B64C9137209F332200BB1DEC /* DiscoverViewController.swift in Sources */ = {isa = PBXBuildFile; fileRef = B64C9133209F332200BB1DEC /* DiscoverViewController.swift */; };
		B64C9138209F332200BB1DEC /* LensViewController.swift in Sources */ = {isa = PBXBuildFile; fileRef = B64C9134209F332200BB1DEC /* LensViewController.swift */; };
		B64C9139209F332200BB1DEC /* CameraViewController.swift in Sources */ = {isa = PBXBuildFile; fileRef = B64C9135209F332200BB1DEC /* CameraViewController.swift */; };
		B64C913A209F332200BB1DEC /* ChatViewController.swift in Sources */ = {isa = PBXBuildFile; fileRef = B64C9136209F332200BB1DEC /* ChatViewController.swift */; };
		B6BF6379209F1315000FDF39 /* AppDelegate.swift in Sources */ = {isa = PBXBuildFile; fileRef = B6BF6378209F1315000FDF39 /* AppDelegate.swift */; };
		B6BF637E209F1315000FDF39 /* Main.storyboard in Resources */ = {isa = PBXBuildFile; fileRef = B6BF637C209F1315000FDF39 /* Main.storyboard */; };
		B6BF6380209F1318000FDF39 /* Assets.xcassets in Resources */ = {isa = PBXBuildFile; fileRef = B6BF637F209F1318000FDF39 /* Assets.xcassets */; };
		B6BF6383209F1318000FDF39 /* LaunchScreen.storyboard in Resources */ = {isa = PBXBuildFile; fileRef = B6BF6381209F1318000FDF39 /* LaunchScreen.storyboard */; };
		EA3EF25A210402BF008044BB /* APIError.swift in Sources */ = {isa = PBXBuildFile; fileRef = EA3EF259210402BF008044BB /* APIError.swift */; };
		EA3EF25C210402ED008044BB /* NetworkManager.swift in Sources */ = {isa = PBXBuildFile; fileRef = EA3EF25B210402ED008044BB /* NetworkManager.swift */; };
		EA3EF25E21042A06008044BB /* ROOT.swift in Sources */ = {isa = PBXBuildFile; fileRef = EA3EF25D21042A06008044BB /* ROOT.swift */; };
		EA72D3DE2107C4BB00AC9764 /* CacheImage.swift in Sources */ = {isa = PBXBuildFile; fileRef = EA72D3DD2107C4BB00AC9764 /* CacheImage.swift */; };
		EA72D3E02107DC3700AC9764 /* DiscoverViewControllerExtension.swift in Sources */ = {isa = PBXBuildFile; fileRef = EA72D3DF2107DC3700AC9764 /* DiscoverViewControllerExtension.swift */; };
		EA79DCC021067140003BAEA5 /* Item.xcdatamodeld in Sources */ = {isa = PBXBuildFile; fileRef = EA79DCBE21067140003BAEA5 /* Item.xcdatamodeld */; };
		EA79DCC321067199003BAEA5 /* Item+CoreDataClass.swift in Sources */ = {isa = PBXBuildFile; fileRef = EA79DCC121067199003BAEA5 /* Item+CoreDataClass.swift */; };
		EA79DCC421067199003BAEA5 /* Item+CoreDataProperties.swift in Sources */ = {isa = PBXBuildFile; fileRef = EA79DCC221067199003BAEA5 /* Item+CoreDataProperties.swift */; };
		EA79DCC621067442003BAEA5 /* Constant.swift in Sources */ = {isa = PBXBuildFile; fileRef = EA79DCC521067442003BAEA5 /* Constant.swift */; };
		EA79DCC82106ADA4003BAEA5 /* CoreDataStack.swift in Sources */ = {isa = PBXBuildFile; fileRef = EA79DCC72106ADA4003BAEA5 /* CoreDataStack.swift */; };
		EA79DCCB2106AF86003BAEA5 /* LensViewControllerExtension.swift in Sources */ = {isa = PBXBuildFile; fileRef = EA79DCCA2106AF86003BAEA5 /* LensViewControllerExtension.swift */; };
		EA964B6C21092D300029363D /* Error.swift in Sources */ = {isa = PBXBuildFile; fileRef = EA964B6B21092D300029363D /* Error.swift */; };
		EAE1D9472103E94200812CEA /* NetworkConfig.swift in Sources */ = {isa = PBXBuildFile; fileRef = EAE1D9462103E94200812CEA /* NetworkConfig.swift */; };
/* End PBXBuildFile section */

/* Begin PBXFileReference section */
		0C1F1F3721089F4900EB0915 /* Font.swift */ = {isa = PBXFileReference; lastKnownFileType = sourcecode.swift; path = Font.swift; sourceTree = "<group>"; };
		0C1F1F422108C53900EB0915 /* RobotoCondensed-LightItalic.ttf */ = {isa = PBXFileReference; lastKnownFileType = file; name = "RobotoCondensed-LightItalic.ttf"; path = "../../../../../Downloads/roboto-condensed/RobotoCondensed-LightItalic.ttf"; sourceTree = "<group>"; };
		0C1F1F442108C64D00EB0915 /* Sabatica-regular.otf */ = {isa = PBXFileReference; lastKnownFileType = file; name = "Sabatica-regular.otf"; path = "../../../../../Downloads/sabatica/Sabatica-regular.otf"; sourceTree = "<group>"; };
		0C1F1F462108C65E00EB0915 /* MACCOS_LIGHT_Demo.otf */ = {isa = PBXFileReference; lastKnownFileType = file; name = MACCOS_LIGHT_Demo.otf; path = ../../../../../Downloads/maccos/MACCOS_LIGHT_Demo.otf; sourceTree = "<group>"; };
		0C1F1F482108C66300EB0915 /* MACCOS_DOUBLE_Demo.otf */ = {isa = PBXFileReference; lastKnownFileType = file; name = MACCOS_DOUBLE_Demo.otf; path = ../../../../../Downloads/maccos/MACCOS_DOUBLE_Demo.otf; sourceTree = "<group>"; };
		0C1F1F4A2108CA7900EB0915 /* LabelExtension.swift */ = {isa = PBXFileReference; lastKnownFileType = sourcecode.swift; path = LabelExtension.swift; sourceTree = "<group>"; };
		0C1F1F4D210B680300EB0915 /* SuggestionCollectionCell.swift */ = {isa = PBXFileReference; lastKnownFileType = sourcecode.swift; path = SuggestionCollectionCell.swift; sourceTree = "<group>"; };
		0C1F1F4F210B885200EB0915 /* PopModal.swift */ = {isa = PBXFileReference; lastKnownFileType = sourcecode.swift; path = PopModal.swift; sourceTree = "<group>"; };
		0C2D842D210394F1005DB26D /* APIService.swift */ = {isa = PBXFileReference; lastKnownFileType = sourcecode.swift; path = APIService.swift; sourceTree = "<group>"; };
		0CBD9C0A2105403D003C6CD2 /* DetailCollectionViewCell.swift */ = {isa = PBXFileReference; lastKnownFileType = sourcecode.swift; path = DetailCollectionViewCell.swift; sourceTree = "<group>"; };
		0CBD9C0E2106000F003C6CD2 /* Color.swift */ = {isa = PBXFileReference; lastKnownFileType = sourcecode.swift; path = Color.swift; sourceTree = "<group>"; };
		0CBD9C1021063BAB003C6CD2 /* SubDetailVC.swift */ = {isa = PBXFileReference; lastKnownFileType = sourcecode.swift; path = SubDetailVC.swift; sourceTree = "<group>"; };
		216360E3E021C640F2BDED60 /* Pods_PriceApp.framework */ = {isa = PBXFileReference; explicitFileType = wrapper.framework; includeInIndex = 0; path = Pods_PriceApp.framework; sourceTree = BUILT_PRODUCTS_DIR; };
		35C017BC81B780708718EA25 /* Pods-PriceApp.debug.xcconfig */ = {isa = PBXFileReference; includeInIndex = 1; lastKnownFileType = text.xcconfig; name = "Pods-PriceApp.debug.xcconfig"; path = "Pods/Target Support Files/Pods-PriceApp/Pods-PriceApp.debug.xcconfig"; sourceTree = "<group>"; };
		B617FF91209FB3620031656A /* LensCircleCell.swift */ = {isa = PBXFileReference; fileEncoding = 4; lastKnownFileType = sourcecode.swift; path = LensCircleCell.swift; sourceTree = "<group>"; };
		B617FF92209FB3620031656A /* LensFlowLayout.swift */ = {isa = PBXFileReference; fileEncoding = 4; lastKnownFileType = sourcecode.swift; path = LensFlowLayout.swift; sourceTree = "<group>"; };
		B64C9126209F32D000BB1DEC /* ScrollViewController.swift */ = {isa = PBXFileReference; fileEncoding = 4; lastKnownFileType = sourcecode.swift; path = ScrollViewController.swift; sourceTree = "<group>"; };
		B64C9128209F32D100BB1DEC /* MainViewController.swift */ = {isa = PBXFileReference; fileEncoding = 4; lastKnownFileType = sourcecode.swift; path = MainViewController.swift; sourceTree = "<group>"; };
		B64C9129209F32D100BB1DEC /* NavigationViewAnimation.swift */ = {isa = PBXFileReference; fileEncoding = 4; lastKnownFileType = sourcecode.swift; path = NavigationViewAnimation.swift; sourceTree = "<group>"; };
		B64C912A209F32D100BB1DEC /* NavigationView.swift */ = {isa = PBXFileReference; fileEncoding = 4; lastKnownFileType = sourcecode.swift; path = NavigationView.swift; sourceTree = "<group>"; };
		B64C9133209F332200BB1DEC /* DiscoverViewController.swift */ = {isa = PBXFileReference; fileEncoding = 4; lastKnownFileType = sourcecode.swift; path = DiscoverViewController.swift; sourceTree = "<group>"; };
		B64C9134209F332200BB1DEC /* LensViewController.swift */ = {isa = PBXFileReference; fileEncoding = 4; lastKnownFileType = sourcecode.swift; path = LensViewController.swift; sourceTree = "<group>"; };
		B64C9135209F332200BB1DEC /* CameraViewController.swift */ = {isa = PBXFileReference; fileEncoding = 4; lastKnownFileType = sourcecode.swift; path = CameraViewController.swift; sourceTree = "<group>"; };
		B64C9136209F332200BB1DEC /* ChatViewController.swift */ = {isa = PBXFileReference; fileEncoding = 4; lastKnownFileType = sourcecode.swift; path = ChatViewController.swift; sourceTree = "<group>"; };
		B6BF6375209F1315000FDF39 /* PriceApp.app */ = {isa = PBXFileReference; explicitFileType = wrapper.application; includeInIndex = 0; path = PriceApp.app; sourceTree = BUILT_PRODUCTS_DIR; };
		B6BF6378209F1315000FDF39 /* AppDelegate.swift */ = {isa = PBXFileReference; lastKnownFileType = sourcecode.swift; path = AppDelegate.swift; sourceTree = "<group>"; };
		B6BF637D209F1315000FDF39 /* Base */ = {isa = PBXFileReference; lastKnownFileType = file.storyboard; name = Base; path = Base.lproj/Main.storyboard; sourceTree = "<group>"; };
		B6BF637F209F1318000FDF39 /* Assets.xcassets */ = {isa = PBXFileReference; lastKnownFileType = folder.assetcatalog; path = Assets.xcassets; sourceTree = "<group>"; };
		B6BF6382209F1318000FDF39 /* Base */ = {isa = PBXFileReference; lastKnownFileType = file.storyboard; name = Base; path = Base.lproj/LaunchScreen.storyboard; sourceTree = "<group>"; };
		B6BF6384209F1318000FDF39 /* Info.plist */ = {isa = PBXFileReference; lastKnownFileType = text.plist.xml; path = Info.plist; sourceTree = "<group>"; };
		C11E8A20F8EBAF3685461653 /* Pods-PriceApp.release.xcconfig */ = {isa = PBXFileReference; includeInIndex = 1; lastKnownFileType = text.xcconfig; name = "Pods-PriceApp.release.xcconfig"; path = "Pods/Target Support Files/Pods-PriceApp/Pods-PriceApp.release.xcconfig"; sourceTree = "<group>"; };
		EA3EF259210402BF008044BB /* APIError.swift */ = {isa = PBXFileReference; lastKnownFileType = sourcecode.swift; path = APIError.swift; sourceTree = "<group>"; };
		EA3EF25B210402ED008044BB /* NetworkManager.swift */ = {isa = PBXFileReference; lastKnownFileType = sourcecode.swift; path = NetworkManager.swift; sourceTree = "<group>"; };
		EA3EF25D21042A06008044BB /* ROOT.swift */ = {isa = PBXFileReference; lastKnownFileType = sourcecode.swift; path = ROOT.swift; sourceTree = "<group>"; };
		EA72D3DD2107C4BB00AC9764 /* CacheImage.swift */ = {isa = PBXFileReference; lastKnownFileType = sourcecode.swift; path = CacheImage.swift; sourceTree = "<group>"; };
		EA72D3DF2107DC3700AC9764 /* DiscoverViewControllerExtension.swift */ = {isa = PBXFileReference; lastKnownFileType = sourcecode.swift; path = DiscoverViewControllerExtension.swift; sourceTree = "<group>"; };
		EA79DCBF21067140003BAEA5 /* Item.xcdatamodel */ = {isa = PBXFileReference; lastKnownFileType = wrapper.xcdatamodel; path = Item.xcdatamodel; sourceTree = "<group>"; };
		EA79DCC121067199003BAEA5 /* Item+CoreDataClass.swift */ = {isa = PBXFileReference; lastKnownFileType = sourcecode.swift; path = "Item+CoreDataClass.swift"; sourceTree = "<group>"; };
		EA79DCC221067199003BAEA5 /* Item+CoreDataProperties.swift */ = {isa = PBXFileReference; lastKnownFileType = sourcecode.swift; path = "Item+CoreDataProperties.swift"; sourceTree = "<group>"; };
		EA79DCC521067442003BAEA5 /* Constant.swift */ = {isa = PBXFileReference; lastKnownFileType = sourcecode.swift; path = Constant.swift; sourceTree = "<group>"; };
		EA79DCC72106ADA4003BAEA5 /* CoreDataStack.swift */ = {isa = PBXFileReference; lastKnownFileType = sourcecode.swift; path = CoreDataStack.swift; sourceTree = "<group>"; };
		EA79DCCA2106AF86003BAEA5 /* LensViewControllerExtension.swift */ = {isa = PBXFileReference; lastKnownFileType = sourcecode.swift; path = LensViewControllerExtension.swift; sourceTree = "<group>"; };
		EA964B6B21092D300029363D /* Error.swift */ = {isa = PBXFileReference; lastKnownFileType = sourcecode.swift; path = Error.swift; sourceTree = "<group>"; };
		EAE1D9462103E94200812CEA /* NetworkConfig.swift */ = {isa = PBXFileReference; lastKnownFileType = sourcecode.swift; path = NetworkConfig.swift; sourceTree = "<group>"; };
/* End PBXFileReference section */

/* Begin PBXFrameworksBuildPhase section */
		B6BF6372209F1315000FDF39 /* Frameworks */ = {
			isa = PBXFrameworksBuildPhase;
			buildActionMask = 2147483647;
			files = (
				9EA0E46535360A41BF8D90AC /* Pods_PriceApp.framework in Frameworks */,
			);
			runOnlyForDeploymentPostprocessing = 0;
		};
/* End PBXFrameworksBuildPhase section */

/* Begin PBXGroup section */
		0C1F1F392108C1A500EB0915 /* Fonts */ = {
			isa = PBXGroup;
			children = (
				0C1F1F422108C53900EB0915 /* RobotoCondensed-LightItalic.ttf */,
				0C1F1F442108C64D00EB0915 /* Sabatica-regular.otf */,
				0C1F1F462108C65E00EB0915 /* MACCOS_LIGHT_Demo.otf */,
				0C1F1F482108C66300EB0915 /* MACCOS_DOUBLE_Demo.otf */,
				0C1F1F3721089F4900EB0915 /* Font.swift */,
			);
			path = Fonts;
			sourceTree = "<group>";
		};
		0C1F1F51210B9C6100EB0915 /* OnBoarding */ = {
			isa = PBXGroup;
			children = (
			);
			path = OnBoarding;
			sourceTree = "<group>";
		};
		0C2D842C210394E1005DB26D /* API */ = {
			isa = PBXGroup;
			children = (
				0C2D842D210394F1005DB26D /* APIService.swift */,
				EA3EF259210402BF008044BB /* APIError.swift */,
				EA3EF25B210402ED008044BB /* NetworkManager.swift */,
			);
			path = API;
			sourceTree = "<group>";
		};
		0CBD9C0921053FEC003C6CD2 /* View */ = {
			isa = PBXGroup;
			children = (
				0CBD9C0A2105403D003C6CD2 /* DetailCollectionViewCell.swift */,
				0C1F1F4D210B680300EB0915 /* SuggestionCollectionCell.swift */,
			);
			path = View;
			sourceTree = "<group>";
		};
		0CBD9C0C2105FFED003C6CD2 /* Resources */ = {
			isa = PBXGroup;
			children = (
				0C1F1F392108C1A500EB0915 /* Fonts */,
				0CBD9C0E2106000F003C6CD2 /* Color.swift */,
				B6BF637F209F1318000FDF39 /* Assets.xcassets */,
			);
			path = Resources;
			sourceTree = "<group>";
		};
		9B9DEDFE66D2463EB1C9C4F9 /* Pods */ = {
			isa = PBXGroup;
			children = (
				35C017BC81B780708718EA25 /* Pods-PriceApp.debug.xcconfig */,
				C11E8A20F8EBAF3685461653 /* Pods-PriceApp.release.xcconfig */,
			);
			name = Pods;
			sourceTree = "<group>";
		};
		B617FF9520A075020031656A /* Navigation */ = {
			isa = PBXGroup;
			children = (
				B64C912A209F32D100BB1DEC /* NavigationView.swift */,
				B64C9129209F32D100BB1DEC /* NavigationViewAnimation.swift */,
			);
			path = Navigation;
			sourceTree = "<group>";
		};
		B64C9132209F331100BB1DEC /* View Controllers */ = {
			isa = PBXGroup;
			children = (
				0C1F1F51210B9C6100EB0915 /* OnBoarding */,
				B64C9135209F332200BB1DEC /* CameraViewController.swift */,
				B64C9134209F332200BB1DEC /* LensViewController.swift */,
				B64C9136209F332200BB1DEC /* ChatViewController.swift */,
				B64C9133209F332200BB1DEC /* DiscoverViewController.swift */,
				B64C9126209F32D000BB1DEC /* ScrollViewController.swift */,
				B64C9128209F32D100BB1DEC /* MainViewController.swift */,
				0CBD9C1021063BAB003C6CD2 /* SubDetailVC.swift */,
				0C1F1F4F210B885200EB0915 /* PopModal.swift */,
			);
			path = "View Controllers";
			sourceTree = "<group>";
		};
		B64C913B209F36EC00BB1DEC /* Selection Control */ = {
			isa = PBXGroup;
			children = (
				B617FF91209FB3620031656A /* LensCircleCell.swift */,
				B617FF92209FB3620031656A /* LensFlowLayout.swift */,
			);
			path = "Selection Control";
			sourceTree = "<group>";
		};
		B6BF636C209F1315000FDF39 = {
			isa = PBXGroup;
			children = (
				B6BF6377209F1315000FDF39 /* Snapchat */,
				9B9DEDFE66D2463EB1C9C4F9 /* Pods */,
				C1B936308EEE93E42B67DE5C /* Frameworks */,
			);
			sourceTree = "<group>";
		};
		B6BF6376209F1315000FDF39 /* Products */ = {
			isa = PBXGroup;
			children = (
				B6BF6375209F1315000FDF39 /* PriceApp.app */,
			);
			name = Products;
			path = ..;
			sourceTree = "<group>";
		};
		B6BF6377209F1315000FDF39 /* Snapchat */ = {
			isa = PBXGroup;
			children = (
				EA79DCC92106AEB5003BAEA5 /* Extensions */,
				EA79DCB821067026003BAEA5 /* Model */,
				0CBD9C0C2105FFED003C6CD2 /* Resources */,
				0CBD9C0921053FEC003C6CD2 /* View */,
				EAE1D9452103E92600812CEA /* Util */,
				0C2D842C210394E1005DB26D /* API */,
				B617FF9520A075020031656A /* Navigation */,
				B64C913B209F36EC00BB1DEC /* Selection Control */,
				B64C9132209F331100BB1DEC /* View Controllers */,
				B6BF6378209F1315000FDF39 /* AppDelegate.swift */,
				B6BF637C209F1315000FDF39 /* Main.storyboard */,
				B6BF6381209F1318000FDF39 /* LaunchScreen.storyboard */,
				B6BF6384209F1318000FDF39 /* Info.plist */,
				B6BF6376209F1315000FDF39 /* Products */,
			);
			path = Snapchat;
			sourceTree = "<group>";
		};
		C1B936308EEE93E42B67DE5C /* Frameworks */ = {
			isa = PBXGroup;
			children = (
				216360E3E021C640F2BDED60 /* Pods_PriceApp.framework */,
			);
			name = Frameworks;
			sourceTree = "<group>";
		};
		EA79DCB821067026003BAEA5 /* Model */ = {
			isa = PBXGroup;
			children = (
				EA79DCC121067199003BAEA5 /* Item+CoreDataClass.swift */,
				EA79DCC221067199003BAEA5 /* Item+CoreDataProperties.swift */,
				EA79DCBE21067140003BAEA5 /* Item.xcdatamodeld */,
				EA79DCC72106ADA4003BAEA5 /* CoreDataStack.swift */,
				EA964B6B21092D300029363D /* Error.swift */,
			);
			path = Model;
			sourceTree = "<group>";
		};
		EA79DCC92106AEB5003BAEA5 /* Extensions */ = {
			isa = PBXGroup;
			children = (
				EA79DCCA2106AF86003BAEA5 /* LensViewControllerExtension.swift */,
				EA72D3DD2107C4BB00AC9764 /* CacheImage.swift */,
				EA72D3DF2107DC3700AC9764 /* DiscoverViewControllerExtension.swift */,
				0C1F1F4A2108CA7900EB0915 /* LabelExtension.swift */,
			);
			path = Extensions;
			sourceTree = "<group>";
		};
		EAE1D9452103E92600812CEA /* Util */ = {
			isa = PBXGroup;
			children = (
				EAE1D9462103E94200812CEA /* NetworkConfig.swift */,
				EA3EF25D21042A06008044BB /* ROOT.swift */,
				EA79DCC521067442003BAEA5 /* Constant.swift */,
			);
			path = Util;
			sourceTree = "<group>";
		};
/* End PBXGroup section */

/* Begin PBXNativeTarget section */
		B6BF6374209F1315000FDF39 /* PriceApp */ = {
			isa = PBXNativeTarget;
			buildConfigurationList = B6BF639D209F1318000FDF39 /* Build configuration list for PBXNativeTarget "PriceApp" */;
			buildPhases = (
				BC2228DAE7860BDB9A004333 /* [CP] Check Pods Manifest.lock */,
				B6BF6371209F1315000FDF39 /* Sources */,
				B6BF6372209F1315000FDF39 /* Frameworks */,
				B6BF6373209F1315000FDF39 /* Resources */,
				D7862E46BB8A17560B618647 /* [CP] Embed Pods Frameworks */,
			);
			buildRules = (
			);
			dependencies = (
			);
			name = PriceApp;
			productName = Snapchat;
			productReference = B6BF6375209F1315000FDF39 /* PriceApp.app */;
			productType = "com.apple.product-type.application";
		};
/* End PBXNativeTarget section */

/* Begin PBXProject section */
		B6BF636D209F1315000FDF39 /* Project object */ = {
			isa = PBXProject;
			attributes = {
				LastSwiftUpdateCheck = 0930;
				LastUpgradeCheck = 0930;
				ORGANIZATIONNAME = RayWenderlich.com;
				TargetAttributes = {
					B6BF6374209F1315000FDF39 = {
						CreatedOnToolsVersion = 9.3;
						LastSwiftMigration = 1000;
					};
				};
			};
			buildConfigurationList = B6BF6370209F1315000FDF39 /* Build configuration list for PBXProject "PriceApp" */;
			compatibilityVersion = "Xcode 9.3";
			developmentRegion = en;
			hasScannedForEncodings = 0;
			knownRegions = (
				en,
				Base,
			);
			mainGroup = B6BF636C209F1315000FDF39;
			productRefGroup = B6BF6376209F1315000FDF39 /* Products */;
			projectDirPath = "";
			projectRoot = "";
			targets = (
				B6BF6374209F1315000FDF39 /* PriceApp */,
			);
		};
/* End PBXProject section */

/* Begin PBXResourcesBuildPhase section */
		B6BF6373209F1315000FDF39 /* Resources */ = {
			isa = PBXResourcesBuildPhase;
			buildActionMask = 2147483647;
			files = (
				0C1F1F472108C65F00EB0915 /* MACCOS_LIGHT_Demo.otf in Resources */,
				B6BF6383209F1318000FDF39 /* LaunchScreen.storyboard in Resources */,
				0C1F1F492108C66300EB0915 /* MACCOS_DOUBLE_Demo.otf in Resources */,
				0C1F1F452108C64D00EB0915 /* Sabatica-regular.otf in Resources */,
				B6BF6380209F1318000FDF39 /* Assets.xcassets in Resources */,
				0C1F1F432108C53900EB0915 /* RobotoCondensed-LightItalic.ttf in Resources */,
				B6BF637E209F1315000FDF39 /* Main.storyboard in Resources */,
			);
			runOnlyForDeploymentPostprocessing = 0;
		};
/* End PBXResourcesBuildPhase section */

/* Begin PBXShellScriptBuildPhase section */
		BC2228DAE7860BDB9A004333 /* [CP] Check Pods Manifest.lock */ = {
			isa = PBXShellScriptBuildPhase;
			buildActionMask = 2147483647;
			files = (
			);
			inputPaths = (
				"${PODS_PODFILE_DIR_PATH}/Podfile.lock",
				"${PODS_ROOT}/Manifest.lock",
			);
			name = "[CP] Check Pods Manifest.lock";
			outputPaths = (
				"$(DERIVED_FILE_DIR)/Pods-PriceApp-checkManifestLockResult.txt",
			);
			runOnlyForDeploymentPostprocessing = 0;
			shellPath = /bin/sh;
			shellScript = "diff \"${PODS_PODFILE_DIR_PATH}/Podfile.lock\" \"${PODS_ROOT}/Manifest.lock\" > /dev/null\nif [ $? != 0 ] ; then\n    # print error to STDERR\n    echo \"error: The sandbox is not in sync with the Podfile.lock. Run 'pod install' or update your CocoaPods installation.\" >&2\n    exit 1\nfi\n# This output is used by Xcode 'outputs' to avoid re-running this script phase.\necho \"SUCCESS\" > \"${SCRIPT_OUTPUT_FILE_0}\"\n";
			showEnvVarsInLog = 0;
		};
		D7862E46BB8A17560B618647 /* [CP] Embed Pods Frameworks */ = {
			isa = PBXShellScriptBuildPhase;
			buildActionMask = 2147483647;
			files = (
			);
			inputPaths = (
				"${SRCROOT}/Pods/Target Support Files/Pods-PriceApp/Pods-PriceApp-frameworks.sh",
				"${BUILT_PRODUCTS_DIR}/BarcodeScanner/BarcodeScanner.framework",
			);
			name = "[CP] Embed Pods Frameworks";
			outputPaths = (
				"${TARGET_BUILD_DIR}/${FRAMEWORKS_FOLDER_PATH}/BarcodeScanner.framework",
			);
			runOnlyForDeploymentPostprocessing = 0;
			shellPath = /bin/sh;
			shellScript = "\"${SRCROOT}/Pods/Target Support Files/Pods-PriceApp/Pods-PriceApp-frameworks.sh\"\n";
			showEnvVarsInLog = 0;
		};
/* End PBXShellScriptBuildPhase section */

/* Begin PBXSourcesBuildPhase section */
		B6BF6371209F1315000FDF39 /* Sources */ = {
			isa = PBXSourcesBuildPhase;
			buildActionMask = 2147483647;
			files = (
				0C1F1F3821089F4900EB0915 /* Font.swift in Sources */,
				B64C9137209F332200BB1DEC /* DiscoverViewController.swift in Sources */,
				0CBD9C0B2105403D003C6CD2 /* DetailCollectionViewCell.swift in Sources */,
				B64C9138209F332200BB1DEC /* LensViewController.swift in Sources */,
				EA72D3E02107DC3700AC9764 /* DiscoverViewControllerExtension.swift in Sources */,
				0C1F1F50210B885200EB0915 /* PopModal.swift in Sources */,
				EAE1D9472103E94200812CEA /* NetworkConfig.swift in Sources */,
				0C1F1F4B2108CA7900EB0915 /* LabelExtension.swift in Sources */,
				B64C912F209F32D100BB1DEC /* NavigationView.swift in Sources */,
				B64C912B209F32D100BB1DEC /* ScrollViewController.swift in Sources */,
				EA79DCC321067199003BAEA5 /* Item+CoreDataClass.swift in Sources */,
				B6BF6379209F1315000FDF39 /* AppDelegate.swift in Sources */,
				EA79DCCB2106AF86003BAEA5 /* LensViewControllerExtension.swift in Sources */,
				0CBD9C0F2106000F003C6CD2 /* Color.swift in Sources */,
				B64C9139209F332200BB1DEC /* CameraViewController.swift in Sources */,
				0C1F1F4E210B680300EB0915 /* SuggestionCollectionCell.swift in Sources */,
				EA964B6C21092D300029363D /* Error.swift in Sources */,
				EA79DCC621067442003BAEA5 /* Constant.swift in Sources */,
				B64C912D209F32D100BB1DEC /* MainViewController.swift in Sources */,
				B64C913A209F332200BB1DEC /* ChatViewController.swift in Sources */,
				EA3EF25E21042A06008044BB /* ROOT.swift in Sources */,
				EA79DCC021067140003BAEA5 /* Item.xcdatamodeld in Sources */,
				EA72D3DE2107C4BB00AC9764 /* CacheImage.swift in Sources */,
				EA79DCC82106ADA4003BAEA5 /* CoreDataStack.swift in Sources */,
				B64C912E209F32D100BB1DEC /* NavigationViewAnimation.swift in Sources */,
				B617FF94209FB3630031656A /* LensFlowLayout.swift in Sources */,
				0C2D842E210394F1005DB26D /* APIService.swift in Sources */,
				0CBD9C1121063BAB003C6CD2 /* SubDetailVC.swift in Sources */,
				EA3EF25C210402ED008044BB /* NetworkManager.swift in Sources */,
				B617FF93209FB3630031656A /* LensCircleCell.swift in Sources */,
				EA79DCC421067199003BAEA5 /* Item+CoreDataProperties.swift in Sources */,
				EA3EF25A210402BF008044BB /* APIError.swift in Sources */,
			);
			runOnlyForDeploymentPostprocessing = 0;
		};
/* End PBXSourcesBuildPhase section */

/* Begin PBXVariantGroup section */
		B6BF637C209F1315000FDF39 /* Main.storyboard */ = {
			isa = PBXVariantGroup;
			children = (
				B6BF637D209F1315000FDF39 /* Base */,
			);
			name = Main.storyboard;
			sourceTree = "<group>";
		};
		B6BF6381209F1318000FDF39 /* LaunchScreen.storyboard */ = {
			isa = PBXVariantGroup;
			children = (
				B6BF6382209F1318000FDF39 /* Base */,
			);
			name = LaunchScreen.storyboard;
			sourceTree = "<group>";
		};
/* End PBXVariantGroup section */

/* Begin XCBuildConfiguration section */
		B6BF639B209F1318000FDF39 /* Debug */ = {
			isa = XCBuildConfiguration;
			buildSettings = {
				ALWAYS_SEARCH_USER_PATHS = NO;
				CLANG_ANALYZER_NONNULL = YES;
				CLANG_ANALYZER_NUMBER_OBJECT_CONVERSION = YES_AGGRESSIVE;
				CLANG_CXX_LANGUAGE_STANDARD = "gnu++14";
				CLANG_CXX_LIBRARY = "libc++";
				CLANG_ENABLE_MODULES = YES;
				CLANG_ENABLE_OBJC_ARC = YES;
				CLANG_ENABLE_OBJC_WEAK = YES;
				CLANG_WARN_BLOCK_CAPTURE_AUTORELEASING = YES;
				CLANG_WARN_BOOL_CONVERSION = YES;
				CLANG_WARN_COMMA = YES;
				CLANG_WARN_CONSTANT_CONVERSION = YES;
				CLANG_WARN_DEPRECATED_OBJC_IMPLEMENTATIONS = YES;
				CLANG_WARN_DIRECT_OBJC_ISA_USAGE = YES_ERROR;
				CLANG_WARN_DOCUMENTATION_COMMENTS = YES;
				CLANG_WARN_EMPTY_BODY = YES;
				CLANG_WARN_ENUM_CONVERSION = YES;
				CLANG_WARN_INFINITE_RECURSION = YES;
				CLANG_WARN_INT_CONVERSION = YES;
				CLANG_WARN_NON_LITERAL_NULL_CONVERSION = YES;
				CLANG_WARN_OBJC_IMPLICIT_RETAIN_SELF = YES;
				CLANG_WARN_OBJC_LITERAL_CONVERSION = YES;
				CLANG_WARN_OBJC_ROOT_CLASS = YES_ERROR;
				CLANG_WARN_RANGE_LOOP_ANALYSIS = YES;
				CLANG_WARN_STRICT_PROTOTYPES = YES;
				CLANG_WARN_SUSPICIOUS_MOVE = YES;
				CLANG_WARN_UNGUARDED_AVAILABILITY = YES_AGGRESSIVE;
				CLANG_WARN_UNREACHABLE_CODE = YES;
				CLANG_WARN__DUPLICATE_METHOD_MATCH = YES;
				CODE_SIGN_IDENTITY = "iPhone Developer";
				COPY_PHASE_STRIP = NO;
				DEBUG_INFORMATION_FORMAT = dwarf;
				ENABLE_STRICT_OBJC_MSGSEND = YES;
				ENABLE_TESTABILITY = YES;
				GCC_C_LANGUAGE_STANDARD = gnu11;
				GCC_DYNAMIC_NO_PIC = NO;
				GCC_NO_COMMON_BLOCKS = YES;
				GCC_OPTIMIZATION_LEVEL = 0;
				GCC_PREPROCESSOR_DEFINITIONS = (
					"DEBUG=1",
					"$(inherited)",
				);
				GCC_WARN_64_TO_32_BIT_CONVERSION = YES;
				GCC_WARN_ABOUT_RETURN_TYPE = YES_ERROR;
				GCC_WARN_UNDECLARED_SELECTOR = YES;
				GCC_WARN_UNINITIALIZED_AUTOS = YES_AGGRESSIVE;
				GCC_WARN_UNUSED_FUNCTION = YES;
				GCC_WARN_UNUSED_VARIABLE = YES;
				IPHONEOS_DEPLOYMENT_TARGET = 11.3;
				MTL_ENABLE_DEBUG_INFO = YES;
				ONLY_ACTIVE_ARCH = YES;
				SDKROOT = iphoneos;
				SWIFT_ACTIVE_COMPILATION_CONDITIONS = DEBUG;
				SWIFT_OPTIMIZATION_LEVEL = "-Onone";
			};
			name = Debug;
		};
		B6BF639C209F1318000FDF39 /* Release */ = {
			isa = XCBuildConfiguration;
			buildSettings = {
				ALWAYS_SEARCH_USER_PATHS = NO;
				CLANG_ANALYZER_NONNULL = YES;
				CLANG_ANALYZER_NUMBER_OBJECT_CONVERSION = YES_AGGRESSIVE;
				CLANG_CXX_LANGUAGE_STANDARD = "gnu++14";
				CLANG_CXX_LIBRARY = "libc++";
				CLANG_ENABLE_MODULES = YES;
				CLANG_ENABLE_OBJC_ARC = YES;
				CLANG_ENABLE_OBJC_WEAK = YES;
				CLANG_WARN_BLOCK_CAPTURE_AUTORELEASING = YES;
				CLANG_WARN_BOOL_CONVERSION = YES;
				CLANG_WARN_COMMA = YES;
				CLANG_WARN_CONSTANT_CONVERSION = YES;
				CLANG_WARN_DEPRECATED_OBJC_IMPLEMENTATIONS = YES;
				CLANG_WARN_DIRECT_OBJC_ISA_USAGE = YES_ERROR;
				CLANG_WARN_DOCUMENTATION_COMMENTS = YES;
				CLANG_WARN_EMPTY_BODY = YES;
				CLANG_WARN_ENUM_CONVERSION = YES;
				CLANG_WARN_INFINITE_RECURSION = YES;
				CLANG_WARN_INT_CONVERSION = YES;
				CLANG_WARN_NON_LITERAL_NULL_CONVERSION = YES;
				CLANG_WARN_OBJC_IMPLICIT_RETAIN_SELF = YES;
				CLANG_WARN_OBJC_LITERAL_CONVERSION = YES;
				CLANG_WARN_OBJC_ROOT_CLASS = YES_ERROR;
				CLANG_WARN_RANGE_LOOP_ANALYSIS = YES;
				CLANG_WARN_STRICT_PROTOTYPES = YES;
				CLANG_WARN_SUSPICIOUS_MOVE = YES;
				CLANG_WARN_UNGUARDED_AVAILABILITY = YES_AGGRESSIVE;
				CLANG_WARN_UNREACHABLE_CODE = YES;
				CLANG_WARN__DUPLICATE_METHOD_MATCH = YES;
				CODE_SIGN_IDENTITY = "iPhone Developer";
				COPY_PHASE_STRIP = NO;
				DEBUG_INFORMATION_FORMAT = "dwarf-with-dsym";
				ENABLE_NS_ASSERTIONS = NO;
				ENABLE_STRICT_OBJC_MSGSEND = YES;
				GCC_C_LANGUAGE_STANDARD = gnu11;
				GCC_NO_COMMON_BLOCKS = YES;
				GCC_WARN_64_TO_32_BIT_CONVERSION = YES;
				GCC_WARN_ABOUT_RETURN_TYPE = YES_ERROR;
				GCC_WARN_UNDECLARED_SELECTOR = YES;
				GCC_WARN_UNINITIALIZED_AUTOS = YES_AGGRESSIVE;
				GCC_WARN_UNUSED_FUNCTION = YES;
				GCC_WARN_UNUSED_VARIABLE = YES;
				IPHONEOS_DEPLOYMENT_TARGET = 11.3;
				MTL_ENABLE_DEBUG_INFO = NO;
				SDKROOT = iphoneos;
				SWIFT_COMPILATION_MODE = wholemodule;
				SWIFT_OPTIMIZATION_LEVEL = "-O";
				VALIDATE_PRODUCT = YES;
			};
			name = Release;
		};
		B6BF639E209F1318000FDF39 /* Debug */ = {
			isa = XCBuildConfiguration;
			baseConfigurationReference = 35C017BC81B780708718EA25 /* Pods-PriceApp.debug.xcconfig */;
			buildSettings = {
				ASSETCATALOG_COMPILER_APPICON_NAME = AppIcon;
				CODE_SIGN_IDENTITY = "iPhone Developer";
				CODE_SIGN_STYLE = Automatic;
				DEVELOPMENT_TEAM = G2YN9BT637;
				INFOPLIST_FILE = Snapchat/Info.plist;
				LD_RUNPATH_SEARCH_PATHS = (
					"$(inherited)",
					"@executable_path/Frameworks",
				);
				PRODUCT_BUNDLE_IDENTIFIER = co.Nibble.PriceApp;
				PRODUCT_NAME = "$(TARGET_NAME)";
				PROVISIONING_PROFILE_SPECIFIER = "";
				SWIFT_VERSION = 4.2;
				TARGETED_DEVICE_FAMILY = "1,2";
			};
			name = Debug;
		};
		B6BF639F209F1318000FDF39 /* Release */ = {
			isa = XCBuildConfiguration;
			baseConfigurationReference = C11E8A20F8EBAF3685461653 /* Pods-PriceApp.release.xcconfig */;
			buildSettings = {
				ASSETCATALOG_COMPILER_APPICON_NAME = AppIcon;
				CODE_SIGN_IDENTITY = "iPhone Developer";
				CODE_SIGN_STYLE = Automatic;
				DEVELOPMENT_TEAM = G2YN9BT637;
				INFOPLIST_FILE = Snapchat/Info.plist;
				LD_RUNPATH_SEARCH_PATHS = (
					"$(inherited)",
					"@executable_path/Frameworks",
				);
				PRODUCT_BUNDLE_IDENTIFIER = co.Nibble.PriceApp;
				PRODUCT_NAME = "$(TARGET_NAME)";
				PROVISIONING_PROFILE_SPECIFIER = "";
				SWIFT_VERSION = 4.2;
				TARGETED_DEVICE_FAMILY = "1,2";
			};
			name = Release;
		};
/* End XCBuildConfiguration section */

/* Begin XCConfigurationList section */
		B6BF6370209F1315000FDF39 /* Build configuration list for PBXProject "PriceApp" */ = {
			isa = XCConfigurationList;
			buildConfigurations = (
				B6BF639B209F1318000FDF39 /* Debug */,
				B6BF639C209F1318000FDF39 /* Release */,
			);
			defaultConfigurationIsVisible = 0;
			defaultConfigurationName = Release;
		};
		B6BF639D209F1318000FDF39 /* Build configuration list for PBXNativeTarget "PriceApp" */ = {
			isa = XCConfigurationList;
			buildConfigurations = (
				B6BF639E209F1318000FDF39 /* Debug */,
				B6BF639F209F1318000FDF39 /* Release */,
			);
			defaultConfigurationIsVisible = 0;
			defaultConfigurationName = Release;
		};
/* End XCConfigurationList section */

/* Begin XCVersionGroup section */
		EA79DCBE21067140003BAEA5 /* Item.xcdatamodeld */ = {
			isa = XCVersionGroup;
			children = (
				EA79DCBF21067140003BAEA5 /* Item.xcdatamodel */,
			);
			currentVersion = EA79DCBF21067140003BAEA5 /* Item.xcdatamodel */;
			path = Item.xcdatamodeld;
			sourceTree = "<group>";
			versionGroupType = wrapper.xcdatamodel;
		};
/* End XCVersionGroup section */
	};
	rootObject = B6BF636D209F1315000FDF39 /* Project object */;
}
